// !$*UTF8*$!
{
	archiveVersion = 1;
	classes = {
	};
	objectVersion = 46;
	objects = {

/* Begin PBXBuildFile section */
		42162203198C1D40004B8F07 /* Media.xcassets in Resources */ = {isa = PBXBuildFile; fileRef = 42162202198C1D40004B8F07 /* Media.xcassets */; };
		BAD5B9D3198ADBBF00A1351C /* Foundation.framework in Frameworks */ = {isa = PBXBuildFile; fileRef = BAD5B9D2198ADBBF00A1351C /* Foundation.framework */; };
		BAD5B9D5198ADBBF00A1351C /* CoreGraphics.framework in Frameworks */ = {isa = PBXBuildFile; fileRef = BAD5B9D4198ADBBF00A1351C /* CoreGraphics.framework */; };
		BAD5B9D7198ADBBF00A1351C /* UIKit.framework in Frameworks */ = {isa = PBXBuildFile; fileRef = BAD5B9D6198ADBBF00A1351C /* UIKit.framework */; };
		BAD5B9DD198ADBBF00A1351C /* InfoPlist.strings in Resources */ = {isa = PBXBuildFile; fileRef = BAD5B9DB198ADBBF00A1351C /* InfoPlist.strings */; };
		BAD5B9DF198ADBBF00A1351C /* main.m in Sources */ = {isa = PBXBuildFile; fileRef = BAD5B9DE198ADBBF00A1351C /* main.m */; };
		BAD5B9E3198ADBBF00A1351C /* AppDelegate.m in Sources */ = {isa = PBXBuildFile; fileRef = BAD5B9E2198ADBBF00A1351C /* AppDelegate.m */; };
		BAD5B9E6198ADBBF00A1351C /* Main.storyboard in Resources */ = {isa = PBXBuildFile; fileRef = BAD5B9E4198ADBBF00A1351C /* Main.storyboard */; };
		BAD5B9E9198ADBBF00A1351C /* ViewController.m in Sources */ = {isa = PBXBuildFile; fileRef = BAD5B9E8198ADBBF00A1351C /* ViewController.m */; };
		BAD5B9F2198ADBBF00A1351C /* XCTest.framework in Frameworks */ = {isa = PBXBuildFile; fileRef = BAD5B9F1198ADBBF00A1351C /* XCTest.framework */; };
		BAD5B9F3198ADBBF00A1351C /* Foundation.framework in Frameworks */ = {isa = PBXBuildFile; fileRef = BAD5B9D2198ADBBF00A1351C /* Foundation.framework */; };
		BAD5B9F4198ADBBF00A1351C /* UIKit.framework in Frameworks */ = {isa = PBXBuildFile; fileRef = BAD5B9D6198ADBBF00A1351C /* UIKit.framework */; };
		BAD5B9FC198ADBBF00A1351C /* InfoPlist.strings in Resources */ = {isa = PBXBuildFile; fileRef = BAD5B9FA198ADBBF00A1351C /* InfoPlist.strings */; };
		BAD5B9FE198ADBBF00A1351C /* BreakoutTests.m in Sources */ = {isa = PBXBuildFile; fileRef = BAD5B9FD198ADBBF00A1351C /* BreakoutTests.m */; };
		BAD5BA09198ADBEF00A1351C /* PaddleView.m in Sources */ = {isa = PBXBuildFile; fileRef = BAD5BA08198ADBEF00A1351C /* PaddleView.m */; };
		BAD5BA10198ADFF300A1351C /* BallView.m in Sources */ = {isa = PBXBuildFile; fileRef = BAD5BA0F198ADFF300A1351C /* BallView.m */; };
		BAD5BA13198AE6D200A1351C /* BlockView.m in Sources */ = {isa = PBXBuildFile; fileRef = BAD5BA12198AE6D200A1351C /* BlockView.m */; };
/* End PBXBuildFile section */

/* Begin PBXContainerItemProxy section */
		BAD5B9F5198ADBBF00A1351C /* PBXContainerItemProxy */ = {
			isa = PBXContainerItemProxy;
			containerPortal = BAD5B9C7198ADBBF00A1351C /* Project object */;
			proxyType = 1;
			remoteGlobalIDString = BAD5B9CE198ADBBF00A1351C;
			remoteInfo = Breakout;
		};
/* End PBXContainerItemProxy section */

/* Begin PBXFileReference section */
		42162202198C1D40004B8F07 /* Media.xcassets */ = {isa = PBXFileReference; lastKnownFileType = folder.assetcatalog; path = Media.xcassets; sourceTree = "<group>"; };
		BAD5B9CF198ADBBF00A1351C /* Breakout.app */ = {isa = PBXFileReference; explicitFileType = wrapper.application; includeInIndex = 0; path = Breakout.app; sourceTree = BUILT_PRODUCTS_DIR; };
		BAD5B9D2198ADBBF00A1351C /* Foundation.framework */ = {isa = PBXFileReference; lastKnownFileType = wrapper.framework; name = Foundation.framework; path = System/Library/Frameworks/Foundation.framework; sourceTree = SDKROOT; };
		BAD5B9D4198ADBBF00A1351C /* CoreGraphics.framework */ = {isa = PBXFileReference; lastKnownFileType = wrapper.framework; name = CoreGraphics.framework; path = System/Library/Frameworks/CoreGraphics.framework; sourceTree = SDKROOT; };
		BAD5B9D6198ADBBF00A1351C /* UIKit.framework */ = {isa = PBXFileReference; lastKnownFileType = wrapper.framework; name = UIKit.framework; path = System/Library/Frameworks/UIKit.framework; sourceTree = SDKROOT; };
		BAD5B9DA198ADBBF00A1351C /* Breakout-Info.plist */ = {isa = PBXFileReference; lastKnownFileType = text.plist.xml; path = "Breakout-Info.plist"; sourceTree = "<group>"; };
		BAD5B9DC198ADBBF00A1351C /* en */ = {isa = PBXFileReference; lastKnownFileType = text.plist.strings; name = en; path = en.lproj/InfoPlist.strings; sourceTree = "<group>"; };
		BAD5B9DE198ADBBF00A1351C /* main.m */ = {isa = PBXFileReference; lastKnownFileType = sourcecode.c.objc; path = main.m; sourceTree = "<group>"; };
		BAD5B9E0198ADBBF00A1351C /* Breakout-Prefix.pch */ = {isa = PBXFileReference; lastKnownFileType = sourcecode.c.h; path = "Breakout-Prefix.pch"; sourceTree = "<group>"; };
		BAD5B9E1198ADBBF00A1351C /* AppDelegate.h */ = {isa = PBXFileReference; lastKnownFileType = sourcecode.c.h; path = AppDelegate.h; sourceTree = "<group>"; };
		BAD5B9E2198ADBBF00A1351C /* AppDelegate.m */ = {isa = PBXFileReference; lastKnownFileType = sourcecode.c.objc; path = AppDelegate.m; sourceTree = "<group>"; };
		BAD5B9E5198ADBBF00A1351C /* Base */ = {isa = PBXFileReference; lastKnownFileType = file.storyboard; name = Base; path = Base.lproj/Main.storyboard; sourceTree = "<group>"; };
		BAD5B9E7198ADBBF00A1351C /* ViewController.h */ = {isa = PBXFileReference; lastKnownFileType = sourcecode.c.h; path = ViewController.h; sourceTree = "<group>"; };
		BAD5B9E8198ADBBF00A1351C /* ViewController.m */ = {isa = PBXFileReference; lastKnownFileType = sourcecode.c.objc; path = ViewController.m; sourceTree = "<group>"; };
		BAD5B9F0198ADBBF00A1351C /* BreakoutTests.xctest */ = {isa = PBXFileReference; explicitFileType = wrapper.cfbundle; includeInIndex = 0; path = BreakoutTests.xctest; sourceTree = BUILT_PRODUCTS_DIR; };
		BAD5B9F1198ADBBF00A1351C /* XCTest.framework */ = {isa = PBXFileReference; lastKnownFileType = wrapper.framework; name = XCTest.framework; path = Library/Frameworks/XCTest.framework; sourceTree = DEVELOPER_DIR; };
		BAD5B9F9198ADBBF00A1351C /* BreakoutTests-Info.plist */ = {isa = PBXFileReference; lastKnownFileType = text.plist.xml; path = "BreakoutTests-Info.plist"; sourceTree = "<group>"; };
		BAD5B9FB198ADBBF00A1351C /* en */ = {isa = PBXFileReference; lastKnownFileType = text.plist.strings; name = en; path = en.lproj/InfoPlist.strings; sourceTree = "<group>"; };
		BAD5B9FD198ADBBF00A1351C /* BreakoutTests.m */ = {isa = PBXFileReference; lastKnownFileType = sourcecode.c.objc; path = BreakoutTests.m; sourceTree = "<group>"; };
		BAD5BA07198ADBEF00A1351C /* PaddleView.h */ = {isa = PBXFileReference; fileEncoding = 4; lastKnownFileType = sourcecode.c.h; path = PaddleView.h; sourceTree = "<group>"; };
		BAD5BA08198ADBEF00A1351C /* PaddleView.m */ = {isa = PBXFileReference; fileEncoding = 4; lastKnownFileType = sourcecode.c.objc; path = PaddleView.m; sourceTree = "<group>"; };
		BAD5BA0E198ADFF300A1351C /* BallView.h */ = {isa = PBXFileReference; fileEncoding = 4; lastKnownFileType = sourcecode.c.h; path = BallView.h; sourceTree = "<group>"; };
		BAD5BA0F198ADFF300A1351C /* BallView.m */ = {isa = PBXFileReference; fileEncoding = 4; lastKnownFileType = sourcecode.c.objc; path = BallView.m; sourceTree = "<group>"; };
		BAD5BA11198AE6D200A1351C /* BlockView.h */ = {isa = PBXFileReference; fileEncoding = 4; lastKnownFileType = sourcecode.c.h; path = BlockView.h; sourceTree = "<group>"; };
		BAD5BA12198AE6D200A1351C /* BlockView.m */ = {isa = PBXFileReference; fileEncoding = 4; lastKnownFileType = sourcecode.c.objc; path = BlockView.m; sourceTree = "<group>"; };
/* End PBXFileReference section */

/* Begin PBXFrameworksBuildPhase section */
		BAD5B9CC198ADBBF00A1351C /* Frameworks */ = {
			isa = PBXFrameworksBuildPhase;
			buildActionMask = 2147483647;
			files = (
				BAD5B9D5198ADBBF00A1351C /* CoreGraphics.framework in Frameworks */,
				BAD5B9D7198ADBBF00A1351C /* UIKit.framework in Frameworks */,
				BAD5B9D3198ADBBF00A1351C /* Foundation.framework in Frameworks */,
			);
			runOnlyForDeploymentPostprocessing = 0;
		};
		BAD5B9ED198ADBBF00A1351C /* Frameworks */ = {
			isa = PBXFrameworksBuildPhase;
			buildActionMask = 2147483647;
			files = (
				BAD5B9F2198ADBBF00A1351C /* XCTest.framework in Frameworks */,
				BAD5B9F4198ADBBF00A1351C /* UIKit.framework in Frameworks */,
				BAD5B9F3198ADBBF00A1351C /* Foundation.framework in Frameworks */,
			);
			runOnlyForDeploymentPostprocessing = 0;
		};
/* End PBXFrameworksBuildPhase section */

/* Begin PBXGroup section */
		BAD5B9C6198ADBBF00A1351C = {
			isa = PBXGroup;
			children = (
				BAD5B9D8198ADBBF00A1351C /* Breakout */,
				BAD5B9F7198ADBBF00A1351C /* BreakoutTests */,
				BAD5B9D1198ADBBF00A1351C /* Frameworks */,
				BAD5B9D0198ADBBF00A1351C /* Products */,
			);
			sourceTree = "<group>";
		};
		BAD5B9D0198ADBBF00A1351C /* Products */ = {
			isa = PBXGroup;
			children = (
				BAD5B9CF198ADBBF00A1351C /* Breakout.app */,
				BAD5B9F0198ADBBF00A1351C /* BreakoutTests.xctest */,
			);
			name = Products;
			sourceTree = "<group>";
		};
		BAD5B9D1198ADBBF00A1351C /* Frameworks */ = {
			isa = PBXGroup;
			children = (
				BAD5B9D2198ADBBF00A1351C /* Foundation.framework */,
				BAD5B9D4198ADBBF00A1351C /* CoreGraphics.framework */,
				BAD5B9D6198ADBBF00A1351C /* UIKit.framework */,
				BAD5B9F1198ADBBF00A1351C /* XCTest.framework */,
			);
			name = Frameworks;
			sourceTree = "<group>";
		};
		BAD5B9D8198ADBBF00A1351C /* Breakout */ = {
			isa = PBXGroup;
			children = (
				BAD5BA11198AE6D200A1351C /* BlockView.h */,
				BAD5BA12198AE6D200A1351C /* BlockView.m */,
				BAD5BA0E198ADFF300A1351C /* BallView.h */,
				BAD5BA0F198ADFF300A1351C /* BallView.m */,
				BAD5BA07198ADBEF00A1351C /* PaddleView.h */,
				BAD5BA08198ADBEF00A1351C /* PaddleView.m */,
				BAD5B9E1198ADBBF00A1351C /* AppDelegate.h */,
				BAD5B9E2198ADBBF00A1351C /* AppDelegate.m */,
				BAD5B9E4198ADBBF00A1351C /* Main.storyboard */,
				BAD5B9E7198ADBBF00A1351C /* ViewController.h */,
				BAD5B9E8198ADBBF00A1351C /* ViewController.m */,
				BAD5B9D9198ADBBF00A1351C /* Supporting Files */,
				42162202198C1D40004B8F07 /* Media.xcassets */,
			);
			path = Breakout;
			sourceTree = "<group>";
		};
		BAD5B9D9198ADBBF00A1351C /* Supporting Files */ = {
			isa = PBXGroup;
			children = (
				BAD5B9DA198ADBBF00A1351C /* Breakout-Info.plist */,
				BAD5B9DB198ADBBF00A1351C /* InfoPlist.strings */,
				BAD5B9DE198ADBBF00A1351C /* main.m */,
				BAD5B9E0198ADBBF00A1351C /* Breakout-Prefix.pch */,
			);
			name = "Supporting Files";
			sourceTree = "<group>";
		};
		BAD5B9F7198ADBBF00A1351C /* BreakoutTests */ = {
			isa = PBXGroup;
			children = (
				BAD5B9FD198ADBBF00A1351C /* BreakoutTests.m */,
				BAD5B9F8198ADBBF00A1351C /* Supporting Files */,
			);
			path = BreakoutTests;
			sourceTree = "<group>";
		};
		BAD5B9F8198ADBBF00A1351C /* Supporting Files */ = {
			isa = PBXGroup;
			children = (
				BAD5B9F9198ADBBF00A1351C /* BreakoutTests-Info.plist */,
				BAD5B9FA198ADBBF00A1351C /* InfoPlist.strings */,
			);
			name = "Supporting Files";
			sourceTree = "<group>";
		};
/* End PBXGroup section */

/* Begin PBXNativeTarget section */
		BAD5B9CE198ADBBF00A1351C /* Breakout */ = {
			isa = PBXNativeTarget;
			buildConfigurationList = BAD5BA01198ADBBF00A1351C /* Build configuration list for PBXNativeTarget "Breakout" */;
			buildPhases = (
				BAD5B9CB198ADBBF00A1351C /* Sources */,
				BAD5B9CC198ADBBF00A1351C /* Frameworks */,
				BAD5B9CD198ADBBF00A1351C /* Resources */,
			);
			buildRules = (
			);
			dependencies = (
			);
			name = Breakout;
			productName = Breakout;
			productReference = BAD5B9CF198ADBBF00A1351C /* Breakout.app */;
			productType = "com.apple.product-type.application";
		};
		BAD5B9EF198ADBBF00A1351C /* BreakoutTests */ = {
			isa = PBXNativeTarget;
			buildConfigurationList = BAD5BA04198ADBBF00A1351C /* Build configuration list for PBXNativeTarget "BreakoutTests" */;
			buildPhases = (
				BAD5B9EC198ADBBF00A1351C /* Sources */,
				BAD5B9ED198ADBBF00A1351C /* Frameworks */,
				BAD5B9EE198ADBBF00A1351C /* Resources */,
			);
			buildRules = (
			);
			dependencies = (
				BAD5B9F6198ADBBF00A1351C /* PBXTargetDependency */,
			);
			name = BreakoutTests;
			productName = BreakoutTests;
			productReference = BAD5B9F0198ADBBF00A1351C /* BreakoutTests.xctest */;
			productType = "com.apple.product-type.bundle.unit-test";
		};
/* End PBXNativeTarget section */

/* Begin PBXProject section */
		BAD5B9C7198ADBBF00A1351C /* Project object */ = {
			isa = PBXProject;
			attributes = {
				LastUpgradeCheck = 0510;
				ORGANIZATIONNAME = "Asher Rosenblatt";
				TargetAttributes = {
					BAD5B9EF198ADBBF00A1351C = {
						TestTargetID = BAD5B9CE198ADBBF00A1351C;
					};
				};
			};
			buildConfigurationList = BAD5B9CA198ADBBF00A1351C /* Build configuration list for PBXProject "Breakout" */;
			compatibilityVersion = "Xcode 3.2";
			developmentRegion = English;
			hasScannedForEncodings = 0;
			knownRegions = (
				en,
				Base,
			);
			mainGroup = BAD5B9C6198ADBBF00A1351C;
			productRefGroup = BAD5B9D0198ADBBF00A1351C /* Products */;
			projectDirPath = "";
			projectRoot = "";
			targets = (
				BAD5B9CE198ADBBF00A1351C /* Breakout */,
				BAD5B9EF198ADBBF00A1351C /* BreakoutTests */,
			);
		};
/* End PBXProject section */

/* Begin PBXResourcesBuildPhase section */
		BAD5B9CD198ADBBF00A1351C /* Resources */ = {
			isa = PBXResourcesBuildPhase;
			buildActionMask = 2147483647;
			files = (
				BAD5B9DD198ADBBF00A1351C /* InfoPlist.strings in Resources */,
				42162203198C1D40004B8F07 /* Media.xcassets in Resources */,
				BAD5B9E6198ADBBF00A1351C /* Main.storyboard in Resources */,
			);
			runOnlyForDeploymentPostprocessing = 0;
		};
		BAD5B9EE198ADBBF00A1351C /* Resources */ = {
			isa = PBXResourcesBuildPhase;
			buildActionMask = 2147483647;
			files = (
				BAD5B9FC198ADBBF00A1351C /* InfoPlist.strings in Resources */,
			);
			runOnlyForDeploymentPostprocessing = 0;
		};
/* End PBXResourcesBuildPhase section */

/* Begin PBXSourcesBuildPhase section */
		BAD5B9CB198ADBBF00A1351C /* Sources */ = {
			isa = PBXSourcesBuildPhase;
			buildActionMask = 2147483647;
			files = (
				BAD5BA13198AE6D200A1351C /* BlockView.m in Sources */,
				BAD5BA09198ADBEF00A1351C /* PaddleView.m in Sources */,
				BAD5B9E9198ADBBF00A1351C /* ViewController.m in Sources */,
				BAD5BA10198ADFF300A1351C /* BallView.m in Sources */,
				BAD5B9E3198ADBBF00A1351C /* AppDelegate.m in Sources */,
				BAD5B9DF198ADBBF00A1351C /* main.m in Sources */,
			);
			runOnlyForDeploymentPostprocessing = 0;
		};
		BAD5B9EC198ADBBF00A1351C /* Sources */ = {
			isa = PBXSourcesBuildPhase;
			buildActionMask = 2147483647;
			files = (
				BAD5B9FE198ADBBF00A1351C /* BreakoutTests.m in Sources */,
			);
			runOnlyForDeploymentPostprocessing = 0;
		};
/* End PBXSourcesBuildPhase section */

/* Begin PBXTargetDependency section */
		BAD5B9F6198ADBBF00A1351C /* PBXTargetDependency */ = {
			isa = PBXTargetDependency;
			target = BAD5B9CE198ADBBF00A1351C /* Breakout */;
			targetProxy = BAD5B9F5198ADBBF00A1351C /* PBXContainerItemProxy */;
		};
/* End PBXTargetDependency section */

/* Begin PBXVariantGroup section */
		BAD5B9DB198ADBBF00A1351C /* InfoPlist.strings */ = {
			isa = PBXVariantGroup;
			children = (
				BAD5B9DC198ADBBF00A1351C /* en */,
			);
			name = InfoPlist.strings;
			sourceTree = "<group>";
		};
		BAD5B9E4198ADBBF00A1351C /* Main.storyboard */ = {
			isa = PBXVariantGroup;
			children = (
				BAD5B9E5198ADBBF00A1351C /* Base */,
			);
			name = Main.storyboard;
			sourceTree = "<group>";
		};
		BAD5B9FA198ADBBF00A1351C /* InfoPlist.strings */ = {
			isa = PBXVariantGroup;
			children = (
				BAD5B9FB198ADBBF00A1351C /* en */,
			);
			name = InfoPlist.strings;
			sourceTree = "<group>";
		};
/* End PBXVariantGroup section */

/* Begin XCBuildConfiguration section */
		BAD5B9FF198ADBBF00A1351C /* Debug */ = {
			isa = XCBuildConfiguration;
			buildSettings = {
				ALWAYS_SEARCH_USER_PATHS = NO;
				CLANG_CXX_LANGUAGE_STANDARD = "gnu++0x";
				CLANG_CXX_LIBRARY = "libc++";
				CLANG_ENABLE_MODULES = YES;
				CLANG_ENABLE_OBJC_ARC = YES;
				CLANG_WARN_BOOL_CONVERSION = YES;
				CLANG_WARN_CONSTANT_CONVERSION = YES;
				CLANG_WARN_DIRECT_OBJC_ISA_USAGE = YES_ERROR;
				CLANG_WARN_EMPTY_BODY = YES;
				CLANG_WARN_ENUM_CONVERSION = YES;
				CLANG_WARN_INT_CONVERSION = YES;
				CLANG_WARN_OBJC_ROOT_CLASS = YES_ERROR;
				CLANG_WARN__DUPLICATE_METHOD_MATCH = YES;
				"CODE_SIGN_IDENTITY[sdk=iphoneos*]" = "iPhone Developer";
				COPY_PHASE_STRIP = NO;
				GCC_C_LANGUAGE_STANDARD = gnu99;
				GCC_DYNAMIC_NO_PIC = NO;
				GCC_OPTIMIZATION_LEVEL = 0;
				GCC_PREPROCESSOR_DEFINITIONS = (
					"DEBUG=1",
					"$(inherited)",
				);
				GCC_SYMBOLS_PRIVATE_EXTERN = NO;
				GCC_WARN_64_TO_32_BIT_CONVERSION = YES;
				GCC_WARN_ABOUT_RETURN_TYPE = YES_ERROR;
				GCC_WARN_UNDECLARED_SELECTOR = YES;
				GCC_WARN_UNINITIALIZED_AUTOS = YES_AGGRESSIVE;
				GCC_WARN_UNUSED_FUNCTION = YES;
				GCC_WARN_UNUSED_VARIABLE = YES;
				IPHONEOS_DEPLOYMENT_TARGET = 7.1;
				ONLY_ACTIVE_ARCH = YES;
				SDKROOT = iphoneos;
			};
			name = Debug;
		};
		BAD5BA00198ADBBF00A1351C /* Release */ = {
			isa = XCBuildConfiguration;
			buildSettings = {
				ALWAYS_SEARCH_USER_PATHS = NO;
				CLANG_CXX_LANGUAGE_STANDARD = "gnu++0x";
				CLANG_CXX_LIBRARY = "libc++";
				CLANG_ENABLE_MODULES = YES;
				CLANG_ENABLE_OBJC_ARC = YES;
				CLANG_WARN_BOOL_CONVERSION = YES;
				CLANG_WARN_CONSTANT_CONVERSION = YES;
				CLANG_WARN_DIRECT_OBJC_ISA_USAGE = YES_ERROR;
				CLANG_WARN_EMPTY_BODY = YES;
				CLANG_WARN_ENUM_CONVERSION = YES;
				CLANG_WARN_INT_CONVERSION = YES;
				CLANG_WARN_OBJC_ROOT_CLASS = YES_ERROR;
				CLANG_WARN__DUPLICATE_METHOD_MATCH = YES;
				"CODE_SIGN_IDENTITY[sdk=iphoneos*]" = "iPhone Developer";
				COPY_PHASE_STRIP = YES;
				ENABLE_NS_ASSERTIONS = NO;
				GCC_C_LANGUAGE_STANDARD = gnu99;
				GCC_WARN_64_TO_32_BIT_CONVERSION = YES;
				GCC_WARN_ABOUT_RETURN_TYPE = YES_ERROR;
				GCC_WARN_UNDECLARED_SELECTOR = YES;
				GCC_WARN_UNINITIALIZED_AUTOS = YES_AGGRESSIVE;
				GCC_WARN_UNUSED_FUNCTION = YES;
				GCC_WARN_UNUSED_VARIABLE = YES;
				IPHONEOS_DEPLOYMENT_TARGET = 7.1;
				SDKROOT = iphoneos;
				VALIDATE_PRODUCT = YES;
			};
			name = Release;
		};
		BAD5BA02198ADBBF00A1351C /* Debug */ = {
			isa = XCBuildConfiguration;
			buildSettings = {
				ASSETCATALOG_COMPILER_APPICON_NAME = AppIcon;
				ASSETCATALOG_COMPILER_LAUNCHIMAGE_NAME = LaunchImage;
				FRAMEWORK_SEARCH_PATHS = (
					"$(inherited)",
					"$(PROJECT_DIR)",
				);
				GCC_PRECOMPILE_PREFIX_HEADER = YES;
				GCC_PREFIX_HEADER = "Breakout/Breakout-Prefix.pch";
				INFOPLIST_FILE = "Breakout/Breakout-Info.plist";
				PRODUCT_NAME = "$(TARGET_NAME)";
				WRAPPER_EXTENSION = app;
			};
			name = Debug;
		};
		BAD5BA03198ADBBF00A1351C /* Release */ = {
			isa = XCBuildConfiguration;
			buildSettings = {
				ASSETCATALOG_COMPILER_APPICON_NAME = AppIcon;
				ASSETCATALOG_COMPILER_LAUNCHIMAGE_NAME = LaunchImage;
				FRAMEWORK_SEARCH_PATHS = (
					"$(inherited)",
					"$(PROJECT_DIR)",
				);
				GCC_PRECOMPILE_PREFIX_HEADER = YES;
				GCC_PREFIX_HEADER = "Breakout/Breakout-Prefix.pch";
				INFOPLIST_FILE = "Breakout/Breakout-Info.plist";
				PRODUCT_NAME = "$(TARGET_NAME)";
				WRAPPER_EXTENSION = app;
			};
			name = Release;
		};
		BAD5BA05198ADBBF00A1351C /* Debug */ = {
			isa = XCBuildConfiguration;
			buildSettings = {
				BUNDLE_LOADER = "$(BUILT_PRODUCTS_DIR)/Breakout.app/Breakout";
				FRAMEWORK_SEARCH_PATHS = (
					"$(SDKROOT)/Developer/Library/Frameworks",
					"$(inherited)",
					"$(DEVELOPER_FRAMEWORKS_DIR)",
				);
				GCC_PRECOMPILE_PREFIX_HEADER = YES;
				GCC_PREFIX_HEADER = "Breakout/Breakout-Prefix.pch";
				GCC_PREPROCESSOR_DEFINITIONS = (
					"DEBUG=1",
					"$(inherited)",
				);
				INFOPLIST_FILE = "BreakoutTests/BreakoutTests-Info.plist";
				PRODUCT_NAME = "$(TARGET_NAME)";
				TEST_HOST = "$(BUNDLE_LOADER)";
				WRAPPER_EXTENSION = xctest;
			};
			name = Debug;
		};
		BAD5BA06198ADBBF00A1351C /* Release */ = {
			isa = XCBuildConfiguration;
			buildSettings = {
				BUNDLE_LOADER = "$(BUILT_PRODUCTS_DIR)/Breakout.app/Breakout";
				FRAMEWORK_SEARCH_PATHS = (
					"$(SDKROOT)/Developer/Library/Frameworks",
					"$(inherited)",
					"$(DEVELOPER_FRAMEWORKS_DIR)",
				);
				GCC_PRECOMPILE_PREFIX_HEADER = YES;
				GCC_PREFIX_HEADER = "Breakout/Breakout-Prefix.pch";
				INFOPLIST_FILE = "BreakoutTests/BreakoutTests-Info.plist";
				PRODUCT_NAME = "$(TARGET_NAME)";
				TEST_HOST = "$(BUNDLE_LOADER)";
				WRAPPER_EXTENSION = xctest;
			};
			name = Release;
		};
/* End XCBuildConfiguration section */

/* Begin XCConfigurationList section */
		BAD5B9CA198ADBBF00A1351C /* Build configuration list for PBXProject "Breakout" */ = {
			isa = XCConfigurationList;
			buildConfigurations = (
				BAD5B9FF198ADBBF00A1351C /* Debug */,
				BAD5BA00198ADBBF00A1351C /* Release */,
			);
			defaultConfigurationIsVisible = 0;
			defaultConfigurationName = Release;
		};
		BAD5BA01198ADBBF00A1351C /* Build configuration list for PBXNativeTarget "Breakout" */ = {
			isa = XCConfigurationList;
			buildConfigurations = (
				BAD5BA02198ADBBF00A1351C /* Debug */,
				BAD5BA03198ADBBF00A1351C /* Release */,
			);
			defaultConfigurationIsVisible = 0;
			defaultConfigurationName = Release;
		};
		BAD5BA04198ADBBF00A1351C /* Build configuration list for PBXNativeTarget "BreakoutTests" */ = {
			isa = XCConfigurationList;
			buildConfigurations = (
				BAD5BA05198ADBBF00A1351C /* Debug */,
				BAD5BA06198ADBBF00A1351C /* Release */,
			);
			defaultConfigurationIsVisible = 0;
			defaultConfigurationName = Release;
		};
/* End XCConfigurationList section */
	};
	rootObject = BAD5B9C7198ADBBF00A1351C /* Project object */;
}
